
Microsoft Visual Studio Solution File, Format Version 12.00
# Visual Studio Version 17
VisualStudioVersion = 17.6.33723.286
MinimumVisualStudioVersion = 10.0.40219.1
Project("{9A19103F-16F7-4668-BE54-9A1E7A4F7556}") = "BookStore", "BookStore\BookStore.csproj", "{CCF4D82A-6BFF-46CD-B080-766020CFB0A8}"
EndProject
Project("{FAE04EC0-301F-11D3-BF4B-00C04F79EFBC}") = "BookStore.Service", "BookStore.Service\BookStore.Service.csproj", "{827C407E-31BD-4F02-BF8D-1F089A6AC44B}"
EndProject
Global
	GlobalSection(SolutionConfigurationPlatforms) = preSolution
		Debug|Any CPU = Debug|Any CPU
		Release|Any CPU = Release|Any CPU
	EndGlobalSection
	GlobalSection(ProjectConfigurationPlatforms) = postSolution
		{CCF4D82A-6BFF-46CD-B080-766020CFB0A8}.Debug|Any CPU.ActiveCfg = Debug|Any CPU
		{CCF4D82A-6BFF-46CD-B080-766020CFB0A8}.Debug|Any CPU.Build.0 = Debug|Any CPU
		{CCF4D82A-6BFF-46CD-B080-766020CFB0A8}.Release|Any CPU.ActiveCfg = Release|Any CPU
		{CCF4D82A-6BFF-46CD-B080-766020CFB0A8}.Release|Any CPU.Build.0 = Release|Any CPU
		{827C407E-31BD-4F02-BF8D-1F089A6AC44B}.Debug|Any CPU.ActiveCfg = Debug|Any CPU
		{827C407E-31BD-4F02-BF8D-1F089A6AC44B}.Debug|Any CPU.Build.0 = Debug|Any CPU
		{827C407E-31BD-4F02-BF8D-1F089A6AC44B}.Release|Any CPU.ActiveCfg = Release|Any CPU
		{827C407E-31BD-4F02-BF8D-1F089A6AC44B}.Release|Any CPU.Build.0 = Release|Any CPU
	EndGlobalSection
	GlobalSection(SolutionProperties) = preSolution
		HideSolutionNode = FALSE
	EndGlobalSection
	GlobalSection(ExtensibilityGlobals) = postSolution
		SolutionGuid = {75A17C71-A710-4BA0-BACF-DED924BC9641}
	EndGlobalSection
EndGlobal
